
Microsoft Visual Studio Solution File, Format Version 12.00
# Visual Studio Version 17
VisualStudioVersion = 17.4.33213.308
MinimumVisualStudioVersion = 10.0.40219.1
Project("{54A90642-561A-4BB1-A94E-469ADEE60C69}") = "Contacts", "angularproject1\Contacts.esproj", "{D25789B6-97B4-4A31-8F4C-29D1084A17BD}"
EndProject
Global
	GlobalSection(SolutionConfigurationPlatforms) = preSolution
		Debug|Any CPU = Debug|Any CPU
		Release|Any CPU = Release|Any CPU
	EndGlobalSection
	GlobalSection(ProjectConfigurationPlatforms) = postSolution
		{D25789B6-97B4-4A31-8F4C-29D1084A17BD}.Debug|Any CPU.ActiveCfg = Debug|Any CPU
		{D25789B6-97B4-4A31-8F4C-29D1084A17BD}.Debug|Any CPU.Build.0 = Debug|Any CPU
		{D25789B6-97B4-4A31-8F4C-29D1084A17BD}.Debug|Any CPU.Deploy.0 = Debug|Any CPU
		{D25789B6-97B4-4A31-8F4C-29D1084A17BD}.Release|Any CPU.ActiveCfg = Release|Any CPU
		{D25789B6-97B4-4A31-8F4C-29D1084A17BD}.Release|Any CPU.Build.0 = Release|Any CPU
		{D25789B6-97B4-4A31-8F4C-29D1084A17BD}.Release|Any CPU.Deploy.0 = Release|Any CPU
	EndGlobalSection
	GlobalSection(SolutionProperties) = preSolution
		HideSolutionNode = FALSE
	EndGlobalSection
	GlobalSection(ExtensibilityGlobals) = postSolution
		SolutionGuid = {D609E449-E22A-4BE4-AFE3-88FF5F96D014}
	EndGlobalSection
EndGlobal
