
Microsoft Visual Studio Solution File, Format Version 12.00
# Visual Studio Version 17
VisualStudioVersion = 17.4.33213.308
MinimumVisualStudioVersion = 10.0.40219.1
Project("{9A19103F-16F7-4668-BE54-9A1E7A4F7556}") = "ContactsAPI", "ContactsAPI\ContactsAPI.csproj", "{A9EC047A-C214-4E20-AAE4-C1CE0ECCA55F}"
EndProject
Project("{9A19103F-16F7-4668-BE54-9A1E7A4F7556}") = "ContactsDTO", "ContactsDTO\ContactsDTO.csproj", "{49168241-B198-44A8-87F9-387BB297E586}"
EndProject
Project("{9A19103F-16F7-4668-BE54-9A1E7A4F7556}") = "TestContacts", "TestContacts\TestContacts.csproj", "{4C242C51-0BE2-480D-B2DB-3DB7E26E3482}"
EndProject
Global
	GlobalSection(SolutionConfigurationPlatforms) = preSolution
		Debug|Any CPU = Debug|Any CPU
		Release|Any CPU = Release|Any CPU
	EndGlobalSection
	GlobalSection(ProjectConfigurationPlatforms) = postSolution
		{A9EC047A-C214-4E20-AAE4-C1CE0ECCA55F}.Debug|Any CPU.ActiveCfg = Debug|Any CPU
		{A9EC047A-C214-4E20-AAE4-C1CE0ECCA55F}.Debug|Any CPU.Build.0 = Debug|Any CPU
		{A9EC047A-C214-4E20-AAE4-C1CE0ECCA55F}.Release|Any CPU.ActiveCfg = Release|Any CPU
		{A9EC047A-C214-4E20-AAE4-C1CE0ECCA55F}.Release|Any CPU.Build.0 = Release|Any CPU
		{49168241-B198-44A8-87F9-387BB297E586}.Debug|Any CPU.ActiveCfg = Debug|Any CPU
		{49168241-B198-44A8-87F9-387BB297E586}.Debug|Any CPU.Build.0 = Debug|Any CPU
		{49168241-B198-44A8-87F9-387BB297E586}.Release|Any CPU.ActiveCfg = Release|Any CPU
		{49168241-B198-44A8-87F9-387BB297E586}.Release|Any CPU.Build.0 = Release|Any CPU
		{4C242C51-0BE2-480D-B2DB-3DB7E26E3482}.Debug|Any CPU.ActiveCfg = Debug|Any CPU
		{4C242C51-0BE2-480D-B2DB-3DB7E26E3482}.Debug|Any CPU.Build.0 = Debug|Any CPU
		{4C242C51-0BE2-480D-B2DB-3DB7E26E3482}.Release|Any CPU.ActiveCfg = Release|Any CPU
		{4C242C51-0BE2-480D-B2DB-3DB7E26E3482}.Release|Any CPU.Build.0 = Release|Any CPU
	EndGlobalSection
	GlobalSection(SolutionProperties) = preSolution
		HideSolutionNode = FALSE
	EndGlobalSection
	GlobalSection(ExtensibilityGlobals) = postSolution
		SolutionGuid = {047DCBE1-1F3B-46F3-B8CD-DD1E45EE88AF}
	EndGlobalSection
EndGlobal
